// !$*UTF8*$!
{
	archiveVersion = 1;
	classes = {
	};
	objectVersion = 46;
	objects = {

/* Begin PBXBuildFile section */
		021A5B471C5941D000741504 /* main.m in Sources */ = {isa = PBXBuildFile; fileRef = 021A5B461C5941D000741504 /* main.m */; };
		021A5B4A1C5941D000741504 /* AppDelegate.m in Sources */ = {isa = PBXBuildFile; fileRef = 021A5B491C5941D000741504 /* AppDelegate.m */; };
		021A5B4D1C5941D000741504 /* ViewController.m in Sources */ = {isa = PBXBuildFile; fileRef = 021A5B4C1C5941D000741504 /* ViewController.m */; };
		021A5B501C5941D000741504 /* Main.storyboard in Resources */ = {isa = PBXBuildFile; fileRef = 021A5B4E1C5941D000741504 /* Main.storyboard */; };
		021A5B521C5941D000741504 /* Assets.xcassets in Resources */ = {isa = PBXBuildFile; fileRef = 021A5B511C5941D000741504 /* Assets.xcassets */; };
		021A5B551C5941D000741504 /* LaunchScreen.storyboard in Resources */ = {isa = PBXBuildFile; fileRef = 021A5B531C5941D000741504 /* LaunchScreen.storyboard */; };
/* End PBXBuildFile section */

/* Begin PBXFileReference section */
		021A5B421C5941D000741504 /* 微博.app */ = {isa = PBXFileReference; explicitFileType = wrapper.application; includeInIndex = 0; path = "微博.app"; sourceTree = BUILT_PRODUCTS_DIR; };
		021A5B461C5941D000741504 /* main.m */ = {isa = PBXFileReference; lastKnownFileType = sourcecode.c.objc; path = main.m; sourceTree = "<group>"; };
		021A5B481C5941D000741504 /* AppDelegate.h */ = {isa = PBXFileReference; lastKnownFileType = sourcecode.c.h; path = AppDelegate.h; sourceTree = "<group>"; };
		021A5B491C5941D000741504 /* AppDelegate.m */ = {isa = PBXFileReference; lastKnownFileType = sourcecode.c.objc; path = AppDelegate.m; sourceTree = "<group>"; };
		021A5B4B1C5941D000741504 /* ViewController.h */ = {isa = PBXFileReference; lastKnownFileType = sourcecode.c.h; path = ViewController.h; sourceTree = "<group>"; };
		021A5B4C1C5941D000741504 /* ViewController.m */ = {isa = PBXFileReference; lastKnownFileType = sourcecode.c.objc; path = ViewController.m; sourceTree = "<group>"; };
		021A5B4F1C5941D000741504 /* Base */ = {isa = PBXFileReference; lastKnownFileType = file.storyboard; name = Base; path = Base.lproj/Main.storyboard; sourceTree = "<group>"; };
		021A5B511C5941D000741504 /* Assets.xcassets */ = {isa = PBXFileReference; lastKnownFileType = folder.assetcatalog; path = Assets.xcassets; sourceTree = "<group>"; };
		021A5B541C5941D000741504 /* Base */ = {isa = PBXFileReference; lastKnownFileType = file.storyboard; name = Base; path = Base.lproj/LaunchScreen.storyboard; sourceTree = "<group>"; };
		021A5B561C5941D000741504 /* Info.plist */ = {isa = PBXFileReference; lastKnownFileType = text.plist.xml; path = Info.plist; sourceTree = "<group>"; };
/* End PBXFileReference section */

/* Begin PBXFrameworksBuildPhase section */
		021A5B3F1C5941D000741504 /* Frameworks */ = {
			isa = PBXFrameworksBuildPhase;
			buildActionMask = 2147483647;
			files = (
			);
			runOnlyForDeploymentPostprocessing = 0;
		};
/* End PBXFrameworksBuildPhase section */

/* Begin PBXGroup section */
		021A5B391C5941D000741504 = {
			isa = PBXGroup;
			children = (
				021A5B441C5941D000741504 /* 微博 */,
				021A5B431C5941D000741504 /* Products */,
			);
			sourceTree = "<group>";
		};
		021A5B431C5941D000741504 /* Products */ = {
			isa = PBXGroup;
			children = (
				021A5B421C5941D000741504 /* 微博.app */,
			);
			name = Products;
			sourceTree = "<group>";
		};
		021A5B441C5941D000741504 /* 微博 */ = {
			isa = PBXGroup;
			children = (
				021A5B481C5941D000741504 /* AppDelegate.h */,
				021A5B491C5941D000741504 /* AppDelegate.m */,
				021A5B4B1C5941D000741504 /* ViewController.h */,
				021A5B4C1C5941D000741504 /* ViewController.m */,
				021A5B4E1C5941D000741504 /* Main.storyboard */,
				021A5B511C5941D000741504 /* Assets.xcassets */,
				021A5B531C5941D000741504 /* LaunchScreen.storyboard */,
				021A5B561C5941D000741504 /* Info.plist */,
				021A5B451C5941D000741504 /* Supporting Files */,
			);
			path = "微博";
			sourceTree = "<group>";
		};
		021A5B451C5941D000741504 /* Supporting Files */ = {
			isa = PBXGroup;
			children = (
				021A5B461C5941D000741504 /* main.m */,
			);
			name = "Supporting Files";
			sourceTree = "<group>";
		};
/* End PBXGroup section */

/* Begin PBXNativeTarget section */
		021A5B411C5941D000741504 /* 微博 */ = {
			isa = PBXNativeTarget;
			buildConfigurationList = 021A5B591C5941D000741504 /* Build configuration list for PBXNativeTarget "微博" */;
			buildPhases = (
				021A5B3E1C5941D000741504 /* Sources */,
				021A5B3F1C5941D000741504 /* Frameworks */,
				021A5B401C5941D000741504 /* Resources */,
			);
			buildRules = (
			);
			dependencies = (
			);
			name = "微博";
			productName = "微博";
			productReference = 021A5B421C5941D000741504 /* 微博.app */;
			productType = "com.apple.product-type.application";
		};
/* End PBXNativeTarget section */

/* Begin PBXProject section */
		021A5B3A1C5941D000741504 /* Project object */ = {
			isa = PBXProject;
			attributes = {
				LastUpgradeCheck = 0700;
				ORGANIZATIONNAME = Miles;
				TargetAttributes = {
					021A5B411C5941D000741504 = {
						CreatedOnToolsVersion = 7.0;
					};
				};
			};
			buildConfigurationList = 021A5B3D1C5941D000741504 /* Build configuration list for PBXProject "微博" */;
			compatibilityVersion = "Xcode 3.2";
			developmentRegion = English;
			hasScannedForEncodings = 0;
			knownRegions = (
				en,
				Base,
			);
			mainGroup = 021A5B391C5941D000741504;
			productRefGroup = 021A5B431C5941D000741504 /* Products */;
			projectDirPath = "";
			projectRoot = "";
			targets = (
				021A5B411C5941D000741504 /* 微博 */,
			);
		};
/* End PBXProject section */

/* Begin PBXResourcesBuildPhase section */
		021A5B401C5941D000741504 /* Resources */ = {
			isa = PBXResourcesBuildPhase;
			buildActionMask = 2147483647;
			files = (
				021A5B551C5941D000741504 /* LaunchScreen.storyboard in Resources */,
				021A5B521C5941D000741504 /* Assets.xcassets in Resources */,
				021A5B501C5941D000741504 /* Main.storyboard in Resources */,
			);
			runOnlyForDeploymentPostprocessing = 0;
		};
/* End PBXResourcesBuildPhase section */

/* Begin PBXSourcesBuildPhase section */
		021A5B3E1C5941D000741504 /* Sources */ = {
			isa = PBXSourcesBuildPhase;
			buildActionMask = 2147483647;
			files = (
				021A5B4D1C5941D000741504 /* ViewController.m in Sources */,
				021A5B4A1C5941D000741504 /* AppDelegate.m in Sources */,
				021A5B471C5941D000741504 /* main.m in Sources */,
			);
			runOnlyForDeploymentPostprocessing = 0;
		};
/* End PBXSourcesBuildPhase section */

/* Begin PBXVariantGroup section */
		021A5B4E1C5941D000741504 /* Main.storyboard */ = {
			isa = PBXVariantGroup;
			children = (
				021A5B4F1C5941D000741504 /* Base */,
			);
			name = Main.storyboard;
			sourceTree = "<group>";
		};
		021A5B531C5941D000741504 /* LaunchScreen.storyboard */ = {
			isa = PBXVariantGroup;
			children = (
				021A5B541C5941D000741504 /* Base */,
			);
			name = LaunchScreen.storyboard;
			sourceTree = "<group>";
		};
/* End PBXVariantGroup section */

/* Begin XCBuildConfiguration section */
		021A5B571C5941D000741504 /* Debug */ = {
			isa = XCBuildConfiguration;
			buildSettings = {
				ALWAYS_SEARCH_USER_PATHS = NO;
				CLANG_CXX_LANGUAGE_STANDARD = "gnu++0x";
				CLANG_CXX_LIBRARY = "libc++";
				CLANG_ENABLE_MODULES = YES;
				CLANG_ENABLE_OBJC_ARC = YES;
				CLANG_WARN_BOOL_CONVERSION = YES;
				CLANG_WARN_CONSTANT_CONVERSION = YES;
				CLANG_WARN_DIRECT_OBJC_ISA_USAGE = YES_ERROR;
				CLANG_WARN_EMPTY_BODY = YES;
				CLANG_WARN_ENUM_CONVERSION = YES;
				CLANG_WARN_INT_CONVERSION = YES;
				CLANG_WARN_OBJC_ROOT_CLASS = YES_ERROR;
				CLANG_WARN_UNREACHABLE_CODE = YES;
				CLANG_WARN__DUPLICATE_METHOD_MATCH = YES;
				"CODE_SIGN_IDENTITY[sdk=iphoneos*]" = "iPhone Developer";
				COPY_PHASE_STRIP = NO;
				DEBUG_INFORMATION_FORMAT = dwarf;
				ENABLE_STRICT_OBJC_MSGSEND = YES;
				ENABLE_TESTABILITY = YES;
				GCC_C_LANGUAGE_STANDARD = gnu99;
				GCC_DYNAMIC_NO_PIC = NO;
				GCC_NO_COMMON_BLOCKS = YES;
				GCC_OPTIMIZATION_LEVEL = 0;
				GCC_PREPROCESSOR_DEFINITIONS = (
					"DEBUG=1",
					"$(inherited)",
				);
				GCC_WARN_64_TO_32_BIT_CONVERSION = YES;
				GCC_WARN_ABOUT_RETURN_TYPE = YES_ERROR;
				GCC_WARN_UNDECLARED_SELECTOR = YES;
				GCC_WARN_UNINITIALIZED_AUTOS = YES_AGGRESSIVE;
				GCC_WARN_UNUSED_FUNCTION = YES;
				GCC_WARN_UNUSED_VARIABLE = YES;
				IPHONEOS_DEPLOYMENT_TARGET = 9.0;
				MTL_ENABLE_DEBUG_INFO = YES;
				ONLY_ACTIVE_ARCH = YES;
				SDKROOT = iphoneos;
			};
			name = Debug;
		};
		021A5B581C5941D000741504 /* Release */ = {
			isa = XCBuildConfiguration;
			buildSettings = {
				ALWAYS_SEARCH_USER_PATHS = NO;
				CLANG_CXX_LANGUAGE_STANDARD = "gnu++0x";
				CLANG_CXX_LIBRARY = "libc++";
				CLANG_ENABLE_MODULES = YES;
				CLANG_ENABLE_OBJC_ARC = YES;
				CLANG_WARN_BOOL_CONVERSION = YES;
				CLANG_WARN_CONSTANT_CONVERSION = YES;
				CLANG_WARN_DIRECT_OBJC_ISA_USAGE = YES_ERROR;
				CLANG_WARN_EMPTY_BODY = YES;
				CLANG_WARN_ENUM_CONVERSION = YES;
				CLANG_WARN_INT_CONVERSION = YES;
				CLANG_WARN_OBJC_ROOT_CLASS = YES_ERROR;
				CLANG_WARN_UNREACHABLE_CODE = YES;
				CLANG_WARN__DUPLICATE_METHOD_MATCH = YES;
				"CODE_SIGN_IDENTITY[sdk=iphoneos*]" = "iPhone Developer";
				COPY_PHASE_STRIP = NO;
				DEBUG_INFORMATION_FORMAT = "dwarf-with-dsym";
				ENABLE_NS_ASSERTIONS = NO;
				ENABLE_STRICT_OBJC_MSGSEND = YES;
				GCC_C_LANGUAGE_STANDARD = gnu99;
				GCC_NO_COMMON_BLOCKS = YES;
				GCC_WARN_64_TO_32_BIT_CONVERSION = YES;
				GCC_WARN_ABOUT_RETURN_TYPE = YES_ERROR;
				GCC_WARN_UNDECLARED_SELECTOR = YES;
				GCC_WARN_UNINITIALIZED_AUTOS = YES_AGGRESSIVE;
				GCC_WARN_UNUSED_FUNCTION = YES;
				GCC_WARN_UNUSED_VARIABLE = YES;
				IPHONEOS_DEPLOYMENT_TARGET = 9.0;
				MTL_ENABLE_DEBUG_INFO = NO;
				SDKROOT = iphoneos;
				VALIDATE_PRODUCT = YES;
			};
			name = Release;
		};
		021A5B5A1C5941D000741504 /* Debug */ = {
			isa = XCBuildConfiguration;
			buildSettings = {
				ASSETCATALOG_COMPILER_APPICON_NAME = AppIcon;
				INFOPLIST_FILE = "微博/Info.plist";
				LD_RUNPATH_SEARCH_PATHS = "$(inherited) @executable_path/Frameworks";
				PRODUCT_BUNDLE_IDENTIFIER = "com.baidu.--";
				PRODUCT_NAME = "$(TARGET_NAME)";
			};
			name = Debug;
		};
		021A5B5B1C5941D000741504 /* Release */ = {
			isa = XCBuildConfiguration;
			buildSettings = {
				ASSETCATALOG_COMPILER_APPICON_NAME = AppIcon;
				INFOPLIST_FILE = "微博/Info.plist";
				LD_RUNPATH_SEARCH_PATHS = "$(inherited) @executable_path/Frameworks";
				PRODUCT_BUNDLE_IDENTIFIER = "com.baidu.--";
				PRODUCT_NAME = "$(TARGET_NAME)";
			};
			name = Release;
		};
/* End XCBuildConfiguration section */

/* Begin XCConfigurationList section */
		021A5B3D1C5941D000741504 /* Build configuration list for PBXProject "微博" */ = {
			isa = XCConfigurationList;
			buildConfigurations = (
				021A5B571C5941D000741504 /* Debug */,
				021A5B581C5941D000741504 /* Release */,
			);
			defaultConfigurationIsVisible = 0;
			defaultConfigurationName = Release;
		};
		021A5B591C5941D000741504 /* Build configuration list for PBXNativeTarget "微博" */ = {
			isa = XCConfigurationList;
			buildConfigurations = (
				021A5B5A1C5941D000741504 /* Debug */,
				021A5B5B1C5941D000741504 /* Release */,
			);
			defaultConfigurationIsVisible = 0;
		};
/* End XCConfigurationList section */
	};
	rootObject = 021A5B3A1C5941D000741504 /* Project object */;
}
